// !$*UTF8*$!
{
	archiveVersion = 1;
	classes = {
	};
	objectVersion = 50;
	objects = {

/* Begin PBXBuildFile section */
		18697D1624D543A800F9139E /* AppDelegate.swift in Sources */ = {isa = PBXBuildFile; fileRef = 18697D1524D543A800F9139E /* AppDelegate.swift */; };
		18697D1824D543A800F9139E /* SceneDelegate.swift in Sources */ = {isa = PBXBuildFile; fileRef = 18697D1724D543A800F9139E /* SceneDelegate.swift */; };
		18697D1A24D543A800F9139E /* ViewController.swift in Sources */ = {isa = PBXBuildFile; fileRef = 18697D1924D543A800F9139E /* ViewController.swift */; };
		18697D1D24D543A800F9139E /* Main.storyboard in Resources */ = {isa = PBXBuildFile; fileRef = 18697D1B24D543A800F9139E /* Main.storyboard */; };
		18697D2024D543A800F9139E /* DestroyTheWorld.xcdatamodeld in Sources */ = {isa = PBXBuildFile; fileRef = 18697D1E24D543A800F9139E /* DestroyTheWorld.xcdatamodeld */; };
		18697D2224D543A900F9139E /* Assets.xcassets in Resources */ = {isa = PBXBuildFile; fileRef = 18697D2124D543A900F9139E /* Assets.xcassets */; };
		18697D2524D543A900F9139E /* LaunchScreen.storyboard in Resources */ = {isa = PBXBuildFile; fileRef = 18697D2324D543A900F9139E /* LaunchScreen.storyboard */; };
		18697D3024D543A900F9139E /* DestroyTheWorldTests.swift in Sources */ = {isa = PBXBuildFile; fileRef = 18697D2F24D543A900F9139E /* DestroyTheWorldTests.swift */; };
		18697D3B24D543A900F9139E /* DestroyTheWorldUITests.swift in Sources */ = {isa = PBXBuildFile; fileRef = 18697D3A24D543A900F9139E /* DestroyTheWorldUITests.swift */; };
/* End PBXBuildFile section */

/* Begin PBXContainerItemProxy section */
		18697D2C24D543A900F9139E /* PBXContainerItemProxy */ = {
			isa = PBXContainerItemProxy;
			containerPortal = 18697D0A24D543A800F9139E /* Project object */;
			proxyType = 1;
			remoteGlobalIDString = 18697D1124D543A800F9139E;
			remoteInfo = DestroyTheWorld;
		};
		18697D3724D543A900F9139E /* PBXContainerItemProxy */ = {
			isa = PBXContainerItemProxy;
			containerPortal = 18697D0A24D543A800F9139E /* Project object */;
			proxyType = 1;
			remoteGlobalIDString = 18697D1124D543A800F9139E;
			remoteInfo = DestroyTheWorld;
		};
/* End PBXContainerItemProxy section */

/* Begin PBXFileReference section */
		18697D1224D543A800F9139E /* DestroyTheWorld.app */ = {isa = PBXFileReference; explicitFileType = wrapper.application; includeInIndex = 0; path = DestroyTheWorld.app; sourceTree = BUILT_PRODUCTS_DIR; };
		18697D1524D543A800F9139E /* AppDelegate.swift */ = {isa = PBXFileReference; lastKnownFileType = sourcecode.swift; path = AppDelegate.swift; sourceTree = "<group>"; };
		18697D1724D543A800F9139E /* SceneDelegate.swift */ = {isa = PBXFileReference; lastKnownFileType = sourcecode.swift; path = SceneDelegate.swift; sourceTree = "<group>"; };
		18697D1924D543A800F9139E /* ViewController.swift */ = {isa = PBXFileReference; lastKnownFileType = sourcecode.swift; path = ViewController.swift; sourceTree = "<group>"; };
		18697D1C24D543A800F9139E /* Base */ = {isa = PBXFileReference; lastKnownFileType = file.storyboard; name = Base; path = Base.lproj/Main.storyboard; sourceTree = "<group>"; };
		18697D1F24D543A800F9139E /* DestroyTheWorld.xcdatamodel */ = {isa = PBXFileReference; lastKnownFileType = wrapper.xcdatamodel; path = DestroyTheWorld.xcdatamodel; sourceTree = "<group>"; };
		18697D2124D543A900F9139E /* Assets.xcassets */ = {isa = PBXFileReference; lastKnownFileType = folder.assetcatalog; path = Assets.xcassets; sourceTree = "<group>"; };
		18697D2424D543A900F9139E /* Base */ = {isa = PBXFileReference; lastKnownFileType = file.storyboard; name = Base; path = Base.lproj/LaunchScreen.storyboard; sourceTree = "<group>"; };
		18697D2624D543A900F9139E /* Info.plist */ = {isa = PBXFileReference; lastKnownFileType = text.plist.xml; path = Info.plist; sourceTree = "<group>"; };
		18697D2B24D543A900F9139E /* DestroyTheWorldTests.xctest */ = {isa = PBXFileReference; explicitFileType = wrapper.cfbundle; includeInIndex = 0; path = DestroyTheWorldTests.xctest; sourceTree = BUILT_PRODUCTS_DIR; };
		18697D2F24D543A900F9139E /* DestroyTheWorldTests.swift */ = {isa = PBXFileReference; lastKnownFileType = sourcecode.swift; path = DestroyTheWorldTests.swift; sourceTree = "<group>"; };
		18697D3124D543A900F9139E /* Info.plist */ = {isa = PBXFileReference; lastKnownFileType = text.plist.xml; path = Info.plist; sourceTree = "<group>"; };
		18697D3624D543A900F9139E /* DestroyTheWorldUITests.xctest */ = {isa = PBXFileReference; explicitFileType = wrapper.cfbundle; includeInIndex = 0; path = DestroyTheWorldUITests.xctest; sourceTree = BUILT_PRODUCTS_DIR; };
		18697D3A24D543A900F9139E /* DestroyTheWorldUITests.swift */ = {isa = PBXFileReference; lastKnownFileType = sourcecode.swift; path = DestroyTheWorldUITests.swift; sourceTree = "<group>"; };
		18697D3C24D543A900F9139E /* Info.plist */ = {isa = PBXFileReference; lastKnownFileType = text.plist.xml; path = Info.plist; sourceTree = "<group>"; };
/* End PBXFileReference section */

/* Begin PBXFrameworksBuildPhase section */
		18697D0F24D543A800F9139E /* Frameworks */ = {
			isa = PBXFrameworksBuildPhase;
			buildActionMask = 2147483647;
			files = (
			);
			runOnlyForDeploymentPostprocessing = 0;
		};
		18697D2824D543A900F9139E /* Frameworks */ = {
			isa = PBXFrameworksBuildPhase;
			buildActionMask = 2147483647;
			files = (
			);
			runOnlyForDeploymentPostprocessing = 0;
		};
		18697D3324D543A900F9139E /* Frameworks */ = {
			isa = PBXFrameworksBuildPhase;
			buildActionMask = 2147483647;
			files = (
			);
			runOnlyForDeploymentPostprocessing = 0;
		};
/* End PBXFrameworksBuildPhase section */

/* Begin PBXGroup section */
		18697D0924D543A800F9139E = {
			isa = PBXGroup;
			children = (
				18697D1424D543A800F9139E /* DestroyTheWorld */,
				18697D2E24D543A900F9139E /* DestroyTheWorldTests */,
				18697D3924D543A900F9139E /* DestroyTheWorldUITests */,
				18697D1324D543A800F9139E /* Products */,
			);
			sourceTree = "<group>";
		};
		18697D1324D543A800F9139E /* Products */ = {
			isa = PBXGroup;
			children = (
				18697D1224D543A800F9139E /* DestroyTheWorld.app */,
				18697D2B24D543A900F9139E /* DestroyTheWorldTests.xctest */,
				18697D3624D543A900F9139E /* DestroyTheWorldUITests.xctest */,
			);
			name = Products;
			sourceTree = "<group>";
		};
		18697D1424D543A800F9139E /* DestroyTheWorld */ = {
			isa = PBXGroup;
			children = (
				18697D1524D543A800F9139E /* AppDelegate.swift */,
				18697D1724D543A800F9139E /* SceneDelegate.swift */,
				18697D1924D543A800F9139E /* ViewController.swift */,
				18697D1B24D543A800F9139E /* Main.storyboard */,
				18697D2124D543A900F9139E /* Assets.xcassets */,
				18697D2324D543A900F9139E /* LaunchScreen.storyboard */,
				18697D2624D543A900F9139E /* Info.plist */,
				18697D1E24D543A800F9139E /* DestroyTheWorld.xcdatamodeld */,
			);
			path = DestroyTheWorld;
			sourceTree = "<group>";
		};
		18697D2E24D543A900F9139E /* DestroyTheWorldTests */ = {
			isa = PBXGroup;
			children = (
				18697D2F24D543A900F9139E /* DestroyTheWorldTests.swift */,
				18697D3124D543A900F9139E /* Info.plist */,
			);
			path = DestroyTheWorldTests;
			sourceTree = "<group>";
		};
		18697D3924D543A900F9139E /* DestroyTheWorldUITests */ = {
			isa = PBXGroup;
			children = (
				18697D3A24D543A900F9139E /* DestroyTheWorldUITests.swift */,
				18697D3C24D543A900F9139E /* Info.plist */,
			);
			path = DestroyTheWorldUITests;
			sourceTree = "<group>";
		};
/* End PBXGroup section */

/* Begin PBXNativeTarget section */
		18697D1124D543A800F9139E /* DestroyTheWorld */ = {
			isa = PBXNativeTarget;
			buildConfigurationList = 18697D3F24D543A900F9139E /* Build configuration list for PBXNativeTarget "DestroyTheWorld" */;
			buildPhases = (
				18697D0E24D543A800F9139E /* Sources */,
				18697D0F24D543A800F9139E /* Frameworks */,
				18697D1024D543A800F9139E /* Resources */,
			);
			buildRules = (
			);
			dependencies = (
			);
			name = DestroyTheWorld;
			productName = DestroyTheWorld;
			productReference = 18697D1224D543A800F9139E /* DestroyTheWorld.app */;
			productType = "com.apple.product-type.application";
		};
		18697D2A24D543A900F9139E /* DestroyTheWorldTests */ = {
			isa = PBXNativeTarget;
			buildConfigurationList = 18697D4224D543A900F9139E /* Build configuration list for PBXNativeTarget "DestroyTheWorldTests" */;
			buildPhases = (
				18697D2724D543A900F9139E /* Sources */,
				18697D2824D543A900F9139E /* Frameworks */,
				18697D2924D543A900F9139E /* Resources */,
			);
			buildRules = (
			);
			dependencies = (
				18697D2D24D543A900F9139E /* PBXTargetDependency */,
			);
			name = DestroyTheWorldTests;
			productName = DestroyTheWorldTests;
			productReference = 18697D2B24D543A900F9139E /* DestroyTheWorldTests.xctest */;
			productType = "com.apple.product-type.bundle.unit-test";
		};
		18697D3524D543A900F9139E /* DestroyTheWorldUITests */ = {
			isa = PBXNativeTarget;
			buildConfigurationList = 18697D4524D543A900F9139E /* Build configuration list for PBXNativeTarget "DestroyTheWorldUITests" */;
			buildPhases = (
				18697D3224D543A900F9139E /* Sources */,
				18697D3324D543A900F9139E /* Frameworks */,
				18697D3424D543A900F9139E /* Resources */,
			);
			buildRules = (
			);
			dependencies = (
				18697D3824D543A900F9139E /* PBXTargetDependency */,
			);
			name = DestroyTheWorldUITests;
			productName = DestroyTheWorldUITests;
			productReference = 18697D3624D543A900F9139E /* DestroyTheWorldUITests.xctest */;
			productType = "com.apple.product-type.bundle.ui-testing";
		};
/* End PBXNativeTarget section */

/* Begin PBXProject section */
		18697D0A24D543A800F9139E /* Project object */ = {
			isa = PBXProject;
			attributes = {
				LastSwiftUpdateCheck = 1160;
				LastUpgradeCheck = 1160;
				ORGANIZATIONNAME = "Sam James Ingle";
				TargetAttributes = {
					18697D1124D543A800F9139E = {
						CreatedOnToolsVersion = 11.6;
					};
					18697D2A24D543A900F9139E = {
						CreatedOnToolsVersion = 11.6;
						TestTargetID = 18697D1124D543A800F9139E;
					};
					18697D3524D543A900F9139E = {
						CreatedOnToolsVersion = 11.6;
						TestTargetID = 18697D1124D543A800F9139E;
					};
				};
			};
			buildConfigurationList = 18697D0D24D543A800F9139E /* Build configuration list for PBXProject "DestroyTheWorld" */;
			compatibilityVersion = "Xcode 9.3";
			developmentRegion = en;
			hasScannedForEncodings = 0;
			knownRegions = (
				en,
				Base,
			);
			mainGroup = 18697D0924D543A800F9139E;
			productRefGroup = 18697D1324D543A800F9139E /* Products */;
			projectDirPath = "";
			projectRoot = "";
			targets = (
				18697D1124D543A800F9139E /* DestroyTheWorld */,
				18697D2A24D543A900F9139E /* DestroyTheWorldTests */,
				18697D3524D543A900F9139E /* DestroyTheWorldUITests */,
			);
		};
/* End PBXProject section */

/* Begin PBXResourcesBuildPhase section */
		18697D1024D543A800F9139E /* Resources */ = {
			isa = PBXResourcesBuildPhase;
			buildActionMask = 2147483647;
			files = (
				18697D2524D543A900F9139E /* LaunchScreen.storyboard in Resources */,
				18697D2224D543A900F9139E /* Assets.xcassets in Resources */,
				18697D1D24D543A800F9139E /* Main.storyboard in Resources */,
			);
			runOnlyForDeploymentPostprocessing = 0;
		};
		18697D2924D543A900F9139E /* Resources */ = {
			isa = PBXResourcesBuildPhase;
			buildActionMask = 2147483647;
			files = (
			);
			runOnlyForDeploymentPostprocessing = 0;
		};
		18697D3424D543A900F9139E /* Resources */ = {
			isa = PBXResourcesBuildPhase;
			buildActionMask = 2147483647;
			files = (
			);
			runOnlyForDeploymentPostprocessing = 0;
		};
/* End PBXResourcesBuildPhase section */

/* Begin PBXSourcesBuildPhase section */
		18697D0E24D543A800F9139E /* Sources */ = {
			isa = PBXSourcesBuildPhase;
			buildActionMask = 2147483647;
			files = (
				18697D1A24D543A800F9139E /* ViewController.swift in Sources */,
				18697D1624D543A800F9139E /* AppDelegate.swift in Sources */,
				18697D1824D543A800F9139E /* SceneDelegate.swift in Sources */,
				18697D2024D543A800F9139E /* DestroyTheWorld.xcdatamodeld in Sources */,
			);
			runOnlyForDeploymentPostprocessing = 0;
		};
		18697D2724D543A900F9139E /* Sources */ = {
			isa = PBXSourcesBuildPhase;
			buildActionMask = 2147483647;
			files = (
				18697D3024D543A900F9139E /* DestroyTheWorldTests.swift in Sources */,
			);
			runOnlyForDeploymentPostprocessing = 0;
		};
		18697D3224D543A900F9139E /* Sources */ = {
			isa = PBXSourcesBuildPhase;
			buildActionMask = 2147483647;
			files = (
				18697D3B24D543A900F9139E /* DestroyTheWorldUITests.swift in Sources */,
			);
			runOnlyForDeploymentPostprocessing = 0;
		};
/* End PBXSourcesBuildPhase section */

/* Begin PBXTargetDependency section */
		18697D2D24D543A900F9139E /* PBXTargetDependency */ = {
			isa = PBXTargetDependency;
			target = 18697D1124D543A800F9139E /* DestroyTheWorld */;
			targetProxy = 18697D2C24D543A900F9139E /* PBXContainerItemProxy */;
		};
		18697D3824D543A900F9139E /* PBXTargetDependency */ = {
			isa = PBXTargetDependency;
			target = 18697D1124D543A800F9139E /* DestroyTheWorld */;
			targetProxy = 18697D3724D543A900F9139E /* PBXContainerItemProxy */;
		};
/* End PBXTargetDependency section */

/* Begin PBXVariantGroup section */
		18697D1B24D543A800F9139E /* Main.storyboard */ = {
			isa = PBXVariantGroup;
			children = (
				18697D1C24D543A800F9139E /* Base */,
			);
			name = Main.storyboard;
			sourceTree = "<group>";
		};
		18697D2324D543A900F9139E /* LaunchScreen.storyboard */ = {
			isa = PBXVariantGroup;
			children = (
				18697D2424D543A900F9139E /* Base */,
			);
			name = LaunchScreen.storyboard;
			sourceTree = "<group>";
		};
/* End PBXVariantGroup section */

/* Begin XCBuildConfiguration section */
		18697D3D24D543A900F9139E /* Debug */ = {
			isa = XCBuildConfiguration;
			buildSettings = {
				ALWAYS_SEARCH_USER_PATHS = NO;
				CLANG_ANALYZER_NONNULL = YES;
				CLANG_ANALYZER_NUMBER_OBJECT_CONVERSION = YES_AGGRESSIVE;
				CLANG_CXX_LANGUAGE_STANDARD = "gnu++14";
				CLANG_CXX_LIBRARY = "libc++";
				CLANG_ENABLE_MODULES = YES;
				CLANG_ENABLE_OBJC_ARC = YES;
				CLANG_ENABLE_OBJC_WEAK = YES;
				CLANG_WARN_BLOCK_CAPTURE_AUTORELEASING = YES;
				CLANG_WARN_BOOL_CONVERSION = YES;
				CLANG_WARN_COMMA = YES;
				CLANG_WARN_CONSTANT_CONVERSION = YES;
				CLANG_WARN_DEPRECATED_OBJC_IMPLEMENTATIONS = YES;
				CLANG_WARN_DIRECT_OBJC_ISA_USAGE = YES_ERROR;
				CLANG_WARN_DOCUMENTATION_COMMENTS = YES;
				CLANG_WARN_EMPTY_BODY = YES;
				CLANG_WARN_ENUM_CONVERSION = YES;
				CLANG_WARN_INFINITE_RECURSION = YES;
				CLANG_WARN_INT_CONVERSION = YES;
				CLANG_WARN_NON_LITERAL_NULL_CONVERSION = YES;
				CLANG_WARN_OBJC_IMPLICIT_RETAIN_SELF = YES;
				CLANG_WARN_OBJC_LITERAL_CONVERSION = YES;
				CLANG_WARN_OBJC_ROOT_CLASS = YES_ERROR;
				CLANG_WARN_RANGE_LOOP_ANALYSIS = YES;
				CLANG_WARN_STRICT_PROTOTYPES = YES;
				CLANG_WARN_SUSPICIOUS_MOVE = YES;
				CLANG_WARN_UNGUARDED_AVAILABILITY = YES_AGGRESSIVE;
				CLANG_WARN_UNREACHABLE_CODE = YES;
				CLANG_WARN__DUPLICATE_METHOD_MATCH = YES;
				COPY_PHASE_STRIP = NO;
				DEBUG_INFORMATION_FORMAT = dwarf;
				ENABLE_STRICT_OBJC_MSGSEND = YES;
				ENABLE_TESTABILITY = YES;
				GCC_C_LANGUAGE_STANDARD = gnu11;
				GCC_DYNAMIC_NO_PIC = NO;
				GCC_NO_COMMON_BLOCKS = YES;
				GCC_OPTIMIZATION_LEVEL = 0;
				GCC_PREPROCESSOR_DEFINITIONS = (
					"DEBUG=1",
					"$(inherited)",
				);
				GCC_WARN_64_TO_32_BIT_CONVERSION = YES;
				GCC_WARN_ABOUT_RETURN_TYPE = YES_ERROR;
				GCC_WARN_UNDECLARED_SELECTOR = YES;
				GCC_WARN_UNINITIALIZED_AUTOS = YES_AGGRESSIVE;
				GCC_WARN_UNUSED_FUNCTION = YES;
				GCC_WARN_UNUSED_VARIABLE = YES;
				IPHONEOS_DEPLOYMENT_TARGET = 13.6;
				MTL_ENABLE_DEBUG_INFO = INCLUDE_SOURCE;
				MTL_FAST_MATH = YES;
				ONLY_ACTIVE_ARCH = YES;
				SDKROOT = iphoneos;
				SWIFT_ACTIVE_COMPILATION_CONDITIONS = DEBUG;
				SWIFT_OPTIMIZATION_LEVEL = "-Onone";
			};
			name = Debug;
		};
		18697D3E24D543A900F9139E /* Release */ = {
			isa = XCBuildConfiguration;
			buildSettings = {
				ALWAYS_SEARCH_USER_PATHS = NO;
				CLANG_ANALYZER_NONNULL = YES;
				CLANG_ANALYZER_NUMBER_OBJECT_CONVERSION = YES_AGGRESSIVE;
				CLANG_CXX_LANGUAGE_STANDARD = "gnu++14";
				CLANG_CXX_LIBRARY = "libc++";
				CLANG_ENABLE_MODULES = YES;
				CLANG_ENABLE_OBJC_ARC = YES;
				CLANG_ENABLE_OBJC_WEAK = YES;
				CLANG_WARN_BLOCK_CAPTURE_AUTORELEASING = YES;
				CLANG_WARN_BOOL_CONVERSION = YES;
				CLANG_WARN_COMMA = YES;
				CLANG_WARN_CONSTANT_CONVERSION = YES;
				CLANG_WARN_DEPRECATED_OBJC_IMPLEMENTATIONS = YES;
				CLANG_WARN_DIRECT_OBJC_ISA_USAGE = YES_ERROR;
				CLANG_WARN_DOCUMENTATION_COMMENTS = YES;
				CLANG_WARN_EMPTY_BODY = YES;
				CLANG_WARN_ENUM_CONVERSION = YES;
				CLANG_WARN_INFINITE_RECURSION = YES;
				CLANG_WARN_INT_CONVERSION = YES;
				CLANG_WARN_NON_LITERAL_NULL_CONVERSION = YES;
				CLANG_WARN_OBJC_IMPLICIT_RETAIN_SELF = YES;
				CLANG_WARN_OBJC_LITERAL_CONVERSION = YES;
				CLANG_WARN_OBJC_ROOT_CLASS = YES_ERROR;
				CLANG_WARN_RANGE_LOOP_ANALYSIS = YES;
				CLANG_WARN_STRICT_PROTOTYPES = YES;
				CLANG_WARN_SUSPICIOUS_MOVE = YES;
				CLANG_WARN_UNGUARDED_AVAILABILITY = YES_AGGRESSIVE;
				CLANG_WARN_UNREACHABLE_CODE = YES;
				CLANG_WARN__DUPLICATE_METHOD_MATCH = YES;
				COPY_PHASE_STRIP = NO;
				DEBUG_INFORMATION_FORMAT = "dwarf-with-dsym";
				ENABLE_NS_ASSERTIONS = NO;
				ENABLE_STRICT_OBJC_MSGSEND = YES;
				GCC_C_LANGUAGE_STANDARD = gnu11;
				GCC_NO_COMMON_BLOCKS = YES;
				GCC_WARN_64_TO_32_BIT_CONVERSION = YES;
				GCC_WARN_ABOUT_RETURN_TYPE = YES_ERROR;
				GCC_WARN_UNDECLARED_SELECTOR = YES;
				GCC_WARN_UNINITIALIZED_AUTOS = YES_AGGRESSIVE;
				GCC_WARN_UNUSED_FUNCTION = YES;
				GCC_WARN_UNUSED_VARIABLE = YES;
				IPHONEOS_DEPLOYMENT_TARGET = 13.6;
				MTL_ENABLE_DEBUG_INFO = NO;
				MTL_FAST_MATH = YES;
				SDKROOT = iphoneos;
				SWIFT_COMPILATION_MODE = wholemodule;
				SWIFT_OPTIMIZATION_LEVEL = "-O";
				VALIDATE_PRODUCT = YES;
			};
			name = Release;
		};
		18697D4024D543A900F9139E /* Debug */ = {
			isa = XCBuildConfiguration;
			buildSettings = {
				ASSETCATALOG_COMPILER_APPICON_NAME = AppIcon;
				CODE_SIGN_STYLE = Automatic;
				INFOPLIST_FILE = DestroyTheWorld/Info.plist;
				LD_RUNPATH_SEARCH_PATHS = (
					"$(inherited)",
					"@executable_path/Frameworks",
				);
				PRODUCT_BUNDLE_IDENTIFIER = com.SamIngle.DestroyTheWorld;
				PRODUCT_NAME = "$(TARGET_NAME)";
				SWIFT_VERSION = 5.0;
				TARGETED_DEVICE_FAMILY = "1,2";
			};
			name = Debug;
		};
		18697D4124D543A900F9139E /* Release */ = {
			isa = XCBuildConfiguration;
			buildSettings = {
				ASSETCATALOG_COMPILER_APPICON_NAME = AppIcon;
				CODE_SIGN_STYLE = Automatic;
				INFOPLIST_FILE = DestroyTheWorld/Info.plist;
				LD_RUNPATH_SEARCH_PATHS = (
					"$(inherited)",
					"@executable_path/Frameworks",
				);
				PRODUCT_BUNDLE_IDENTIFIER = com.SamIngle.DestroyTheWorld;
				PRODUCT_NAME = "$(TARGET_NAME)";
				SWIFT_VERSION = 5.0;
				TARGETED_DEVICE_FAMILY = "1,2";
			};
			name = Release;
		};
		18697D4324D543A900F9139E /* Debug */ = {
			isa = XCBuildConfiguration;
			buildSettings = {
				ALWAYS_EMBED_SWIFT_STANDARD_LIBRARIES = YES;
				BUNDLE_LOADER = "$(TEST_HOST)";
				CODE_SIGN_STYLE = Automatic;
				INFOPLIST_FILE = DestroyTheWorldTests/Info.plist;
				IPHONEOS_DEPLOYMENT_TARGET = 13.6;
				LD_RUNPATH_SEARCH_PATHS = (
					"$(inherited)",
					"@executable_path/Frameworks",
					"@loader_path/Frameworks",
				);
				PRODUCT_BUNDLE_IDENTIFIER = com.SamIngle.DestroyTheWorldTests;
				PRODUCT_NAME = "$(TARGET_NAME)";
				SWIFT_VERSION = 5.0;
				TARGETED_DEVICE_FAMILY = "1,2";
				TEST_HOST = "$(BUILT_PRODUCTS_DIR)/DestroyTheWorld.app/DestroyTheWorld";
			};
			name = Debug;
		};
		18697D4424D543A900F9139E /* Release */ = {
			isa = XCBuildConfiguration;
			buildSettings = {
				ALWAYS_EMBED_SWIFT_STANDARD_LIBRARIES = YES;
				BUNDLE_LOADER = "$(TEST_HOST)";
				CODE_SIGN_STYLE = Automatic;
				INFOPLIST_FILE = DestroyTheWorldTests/Info.plist;
				IPHONEOS_DEPLOYMENT_TARGET = 13.6;
				LD_RUNPATH_SEARCH_PATHS = (
					"$(inherited)",
					"@executable_path/Frameworks",
					"@loader_path/Frameworks",
				);
				PRODUCT_BUNDLE_IDENTIFIER = com.SamIngle.DestroyTheWorldTests;
				PRODUCT_NAME = "$(TARGET_NAME)";
				SWIFT_VERSION = 5.0;
				TARGETED_DEVICE_FAMILY = "1,2";
				TEST_HOST = "$(BUILT_PRODUCTS_DIR)/DestroyTheWorld.app/DestroyTheWorld";
			};
			name = Release;
		};
		18697D4624D543A900F9139E /* Debug */ = {
			isa = XCBuildConfiguration;
			buildSettings = {
				ALWAYS_EMBED_SWIFT_STANDARD_LIBRARIES = YES;
				CODE_SIGN_STYLE = Automatic;
				INFOPLIST_FILE = DestroyTheWorldUITests/Info.plist;
				LD_RUNPATH_SEARCH_PATHS = (
					"$(inherited)",
					"@executable_path/Frameworks",
					"@loader_path/Frameworks",
				);
				PRODUCT_BUNDLE_IDENTIFIER = com.SamIngle.DestroyTheWorldUITests;
				PRODUCT_NAME = "$(TARGET_NAME)";
				SWIFT_VERSION = 5.0;
				TARGETED_DEVICE_FAMILY = "1,2";
				TEST_TARGET_NAME = DestroyTheWorld;
			};
			name = Debug;
		};
		18697D4724D543A900F9139E /* Release */ = {
			isa = XCBuildConfiguration;
			buildSettings = {
				ALWAYS_EMBED_SWIFT_STANDARD_LIBRARIES = YES;
				CODE_SIGN_STYLE = Automatic;
				INFOPLIST_FILE = DestroyTheWorldUITests/Info.plist;
				LD_RUNPATH_SEARCH_PATHS = (
					"$(inherited)",
					"@executable_path/Frameworks",
					"@loader_path/Frameworks",
				);
				PRODUCT_BUNDLE_IDENTIFIER = com.SamIngle.DestroyTheWorldUITests;
				PRODUCT_NAME = "$(TARGET_NAME)";
				SWIFT_VERSION = 5.0;
				TARGETED_DEVICE_FAMILY = "1,2";
				TEST_TARGET_NAME = DestroyTheWorld;
			};
			name = Release;
		};
/* End XCBuildConfiguration section */

/* Begin XCConfigurationList section */
		18697D0D24D543A800F9139E /* Build configuration list for PBXProject "DestroyTheWorld" */ = {
			isa = XCConfigurationList;
			buildConfigurations = (
				18697D3D24D543A900F9139E /* Debug */,
				18697D3E24D543A900F9139E /* Release */,
			);
			defaultConfigurationIsVisible = 0;
			defaultConfigurationName = Release;
		};
		18697D3F24D543A900F9139E /* Build configuration list for PBXNativeTarget "DestroyTheWorld" */ = {
			isa = XCConfigurationList;
			buildConfigurations = (
				18697D4024D543A900F9139E /* Debug */,
				18697D4124D543A900F9139E /* Release */,
			);
			defaultConfigurationIsVisible = 0;
			defaultConfigurationName = Release;
		};
		18697D4224D543A900F9139E /* Build configuration list for PBXNativeTarget "DestroyTheWorldTests" */ = {
			isa = XCConfigurationList;
			buildConfigurations = (
				18697D4324D543A900F9139E /* Debug */,
				18697D4424D543A900F9139E /* Release */,
			);
			defaultConfigurationIsVisible = 0;
			defaultConfigurationName = Release;
		};
		18697D4524D543A900F9139E /* Build configuration list for PBXNativeTarget "DestroyTheWorldUITests" */ = {
			isa = XCConfigurationList;
			buildConfigurations = (
				18697D4624D543A900F9139E /* Debug */,
				18697D4724D543A900F9139E /* Release */,
			);
			defaultConfigurationIsVisible = 0;
			defaultConfigurationName = Release;
		};
/* End XCConfigurationList section */

/* Begin XCVersionGroup section */
		18697D1E24D543A800F9139E /* DestroyTheWorld.xcdatamodeld */ = {
			isa = XCVersionGroup;
			children = (
				18697D1F24D543A800F9139E /* DestroyTheWorld.xcdatamodel */,
			);
			currentVersion = 18697D1F24D543A800F9139E /* DestroyTheWorld.xcdatamodel */;
			path = DestroyTheWorld.xcdatamodeld;
			sourceTree = "<group>";
			versionGroupType = wrapper.xcdatamodel;
		};
/* End XCVersionGroup section */
	};
	rootObject = 18697D0A24D543A800F9139E /* Project object */;
}
